
Microsoft Visual Studio Solution File, Format Version 12.00
# Visual Studio Version 17
VisualStudioVersion = 17.0.31903.59
MinimumVisualStudioVersion = 10.0.40219.1
Project("{FAE04EC0-301F-11D3-BF4B-00C04F79EFBC}") = "ToDoS", "ToDoS\ToDoS.csproj", "{E213D9A8-3068-4909-AAE8-5DA8C5414756}"
EndProject
Global
	GlobalSection(SolutionConfigurationPlatforms) = preSolution
		Debug|Any CPU = Debug|Any CPU
		Release|Any CPU = Release|Any CPU
	EndGlobalSection
	GlobalSection(ProjectConfigurationPlatforms) = postSolution
		{E213D9A8-3068-4909-AAE8-5DA8C5414756}.Debug|Any CPU.ActiveCfg = Debug|Any CPU
		{E213D9A8-3068-4909-AAE8-5DA8C5414756}.Debug|Any CPU.Build.0 = Debug|Any CPU
		{E213D9A8-3068-4909-AAE8-5DA8C5414756}.Release|Any CPU.ActiveCfg = Release|Any CPU
		{E213D9A8-3068-4909-AAE8-5DA8C5414756}.Release|Any CPU.Build.0 = Release|Any CPU
	EndGlobalSection
	GlobalSection(SolutionProperties) = preSolution
		HideSolutionNode = FALSE
	EndGlobalSection
	GlobalSection(ExtensibilityGlobals) = postSolution
		SolutionGuid = {E2A44820-1C86-4C50-88EF-B6BD3BF994E4}
	EndGlobalSection
EndGlobal
